
Microsoft Visual Studio Solution File, Format Version 12.00
# Visual Studio Version 17
VisualStudioVersion = 17.13.35919.96 d17.13
MinimumVisualStudioVersion = 10.0.40219.1
Project("{FAE04EC0-301F-11D3-BF4B-00C04F79EFBC}") = "bai2", "bai2\bai2.csproj", "{CFC74F31-340C-4595-872B-46784C36365A}"
EndProject
Project("{FAE04EC0-301F-11D3-BF4B-00C04F79EFBC}") = "bai1", "bai1\bai1.csproj", "{22E34A8A-B156-4336-AD81-AF57BAEACB98}"
EndProject
Global
	GlobalSection(SolutionConfigurationPlatforms) = preSolution
		Debug|Any CPU = Debug|Any CPU
		Release|Any CPU = Release|Any CPU
	EndGlobalSection
	GlobalSection(ProjectConfigurationPlatforms) = postSolution
		{CFC74F31-340C-4595-872B-46784C36365A}.Debug|Any CPU.ActiveCfg = Debug|Any CPU
		{CFC74F31-340C-4595-872B-46784C36365A}.Debug|Any CPU.Build.0 = Debug|Any CPU
		{CFC74F31-340C-4595-872B-46784C36365A}.Release|Any CPU.ActiveCfg = Release|Any CPU
		{CFC74F31-340C-4595-872B-46784C36365A}.Release|Any CPU.Build.0 = Release|Any CPU
		{22E34A8A-B156-4336-AD81-AF57BAEACB98}.Debug|Any CPU.ActiveCfg = Debug|Any CPU
		{22E34A8A-B156-4336-AD81-AF57BAEACB98}.Debug|Any CPU.Build.0 = Debug|Any CPU
		{22E34A8A-B156-4336-AD81-AF57BAEACB98}.Release|Any CPU.ActiveCfg = Release|Any CPU
		{22E34A8A-B156-4336-AD81-AF57BAEACB98}.Release|Any CPU.Build.0 = Release|Any CPU
	EndGlobalSection
	GlobalSection(SolutionProperties) = preSolution
		HideSolutionNode = FALSE
	EndGlobalSection
	GlobalSection(ExtensibilityGlobals) = postSolution
		SolutionGuid = {E71AAD04-D6CA-45C8-826D-6FD3DB9FDBA2}
	EndGlobalSection
EndGlobal
